// !$*UTF8*$!
{
	archiveVersion = 1;
	classes = {
	};
	objectVersion = 50;
	objects = {

/* Begin PBXBuildFile section */
		5437FB5F263C348200445EC5 /* CourseItem.swift in Sources */ = {isa = PBXBuildFile; fileRef = 5437FB5E263C348200445EC5 /* CourseItem.swift */; };
		5437FB60263C348200445EC5 /* CourseItem.swift in Sources */ = {isa = PBXBuildFile; fileRef = 5437FB5E263C348200445EC5 /* CourseItem.swift */; };
		5437FB64263C35F600445EC5 /* CourseList.swift in Sources */ = {isa = PBXBuildFile; fileRef = 5437FB63263C35F600445EC5 /* CourseList.swift */; };
		5437FB65263C35F600445EC5 /* CourseList.swift in Sources */ = {isa = PBXBuildFile; fileRef = 5437FB63263C35F600445EC5 /* CourseList.swift */; };
		545C9E76263C186F0085C3FE /* CoursesApp.swift in Sources */ = {isa = PBXBuildFile; fileRef = 545C9E63263C186D0085C3FE /* CoursesApp.swift */; };
		545C9E77263C186F0085C3FE /* CoursesApp.swift in Sources */ = {isa = PBXBuildFile; fileRef = 545C9E63263C186D0085C3FE /* CoursesApp.swift */; };
		545C9E78263C186F0085C3FE /* ContentView.swift in Sources */ = {isa = PBXBuildFile; fileRef = 545C9E64263C186D0085C3FE /* ContentView.swift */; };
		545C9E79263C186F0085C3FE /* ContentView.swift in Sources */ = {isa = PBXBuildFile; fileRef = 545C9E64263C186D0085C3FE /* ContentView.swift */; };
		545C9E7A263C186F0085C3FE /* Assets.xcassets in Resources */ = {isa = PBXBuildFile; fileRef = 545C9E65263C186E0085C3FE /* Assets.xcassets */; };
		545C9E7B263C186F0085C3FE /* Assets.xcassets in Resources */ = {isa = PBXBuildFile; fileRef = 545C9E65263C186E0085C3FE /* Assets.xcassets */; };
		545C9E85263C1FD10085C3FE /* CourseRow.swift in Sources */ = {isa = PBXBuildFile; fileRef = 545C9E84263C1FD10085C3FE /* CourseRow.swift */; };
		545C9E86263C1FD10085C3FE /* CourseRow.swift in Sources */ = {isa = PBXBuildFile; fileRef = 545C9E84263C1FD10085C3FE /* CourseRow.swift */; };
		545C9E88263C23400085C3FE /* CoursesView.swift in Sources */ = {isa = PBXBuildFile; fileRef = 545C9E87263C23400085C3FE /* CoursesView.swift */; };
		545C9E89263C23400085C3FE /* CoursesView.swift in Sources */ = {isa = PBXBuildFile; fileRef = 545C9E87263C23400085C3FE /* CoursesView.swift */; };
		545C9E8B263C248F0085C3FE /* Sidebar.swift in Sources */ = {isa = PBXBuildFile; fileRef = 545C9E8A263C248F0085C3FE /* Sidebar.swift */; };
		545C9E8C263C248F0085C3FE /* Sidebar.swift in Sources */ = {isa = PBXBuildFile; fileRef = 545C9E8A263C248F0085C3FE /* Sidebar.swift */; };
/* End PBXBuildFile section */

/* Begin PBXFileReference section */
		5437FB5E263C348200445EC5 /* CourseItem.swift */ = {isa = PBXFileReference; lastKnownFileType = sourcecode.swift; path = CourseItem.swift; sourceTree = "<group>"; };
		5437FB63263C35F600445EC5 /* CourseList.swift */ = {isa = PBXFileReference; lastKnownFileType = sourcecode.swift; path = CourseList.swift; sourceTree = "<group>"; };
		545C9E63263C186D0085C3FE /* CoursesApp.swift */ = {isa = PBXFileReference; lastKnownFileType = sourcecode.swift; path = CoursesApp.swift; sourceTree = "<group>"; };
		545C9E64263C186D0085C3FE /* ContentView.swift */ = {isa = PBXFileReference; lastKnownFileType = sourcecode.swift; path = ContentView.swift; sourceTree = "<group>"; };
		545C9E65263C186E0085C3FE /* Assets.xcassets */ = {isa = PBXFileReference; lastKnownFileType = folder.assetcatalog; path = Assets.xcassets; sourceTree = "<group>"; };
		545C9E6A263C186F0085C3FE /* Courses.app */ = {isa = PBXFileReference; explicitFileType = wrapper.application; includeInIndex = 0; path = Courses.app; sourceTree = BUILT_PRODUCTS_DIR; };
		545C9E6D263C186F0085C3FE /* Info.plist */ = {isa = PBXFileReference; lastKnownFileType = text.plist.xml; path = Info.plist; sourceTree = "<group>"; };
		545C9E72263C186F0085C3FE /* Courses.app */ = {isa = PBXFileReference; explicitFileType = wrapper.application; includeInIndex = 0; path = Courses.app; sourceTree = BUILT_PRODUCTS_DIR; };
		545C9E74263C186F0085C3FE /* Info.plist */ = {isa = PBXFileReference; lastKnownFileType = text.plist.xml; path = Info.plist; sourceTree = "<group>"; };
		545C9E75263C186F0085C3FE /* macOS.entitlements */ = {isa = PBXFileReference; lastKnownFileType = text.plist.entitlements; path = macOS.entitlements; sourceTree = "<group>"; };
		545C9E84263C1FD10085C3FE /* CourseRow.swift */ = {isa = PBXFileReference; lastKnownFileType = sourcecode.swift; path = CourseRow.swift; sourceTree = "<group>"; };
		545C9E87263C23400085C3FE /* CoursesView.swift */ = {isa = PBXFileReference; lastKnownFileType = sourcecode.swift; path = CoursesView.swift; sourceTree = "<group>"; };
		545C9E8A263C248F0085C3FE /* Sidebar.swift */ = {isa = PBXFileReference; lastKnownFileType = sourcecode.swift; path = Sidebar.swift; sourceTree = "<group>"; };
/* End PBXFileReference section */

/* Begin PBXFrameworksBuildPhase section */
		545C9E67263C186F0085C3FE /* Frameworks */ = {
			isa = PBXFrameworksBuildPhase;
			buildActionMask = 2147483647;
			files = (
			);
			runOnlyForDeploymentPostprocessing = 0;
		};
		545C9E6F263C186F0085C3FE /* Frameworks */ = {
			isa = PBXFrameworksBuildPhase;
			buildActionMask = 2147483647;
			files = (
			);
			runOnlyForDeploymentPostprocessing = 0;
		};
/* End PBXFrameworksBuildPhase section */

/* Begin PBXGroup section */
		5437FB61263C358F00445EC5 /* Navigation */ = {
			isa = PBXGroup;
			children = (
				545C9E64263C186D0085C3FE /* ContentView.swift */,
				545C9E8A263C248F0085C3FE /* Sidebar.swift */,
			);
			path = Navigation;
			sourceTree = "<group>";
		};
		5437FB62263C35A500445EC5 /* Items */ = {
			isa = PBXGroup;
			children = (
				5437FB5E263C348200445EC5 /* CourseItem.swift */,
				545C9E84263C1FD10085C3FE /* CourseRow.swift */,
			);
			path = Items;
			sourceTree = "<group>";
		};
		545C9E5D263C186C0085C3FE = {
			isa = PBXGroup;
			children = (
				545C9E62263C186D0085C3FE /* Shared */,
				545C9E6C263C186F0085C3FE /* iOS */,
				545C9E73263C186F0085C3FE /* macOS */,
				545C9E6B263C186F0085C3FE /* Products */,
			);
			sourceTree = "<group>";
		};
		545C9E62263C186D0085C3FE /* Shared */ = {
			isa = PBXGroup;
			children = (
				545C9E63263C186D0085C3FE /* CoursesApp.swift */,
				5437FB61263C358F00445EC5 /* Navigation */,
				5437FB62263C35A500445EC5 /* Items */,
				545C9E87263C23400085C3FE /* CoursesView.swift */,
				5437FB63263C35F600445EC5 /* CourseList.swift */,
				545C9E65263C186E0085C3FE /* Assets.xcassets */,
			);
			path = Shared;
			sourceTree = "<group>";
		};
		545C9E6B263C186F0085C3FE /* Products */ = {
			isa = PBXGroup;
			children = (
				545C9E6A263C186F0085C3FE /* Courses.app */,
				545C9E72263C186F0085C3FE /* Courses.app */,
			);
			name = Products;
			sourceTree = "<group>";
		};
		545C9E6C263C186F0085C3FE /* iOS */ = {
			isa = PBXGroup;
			children = (
				545C9E6D263C186F0085C3FE /* Info.plist */,
			);
			path = iOS;
			sourceTree = "<group>";
		};
		545C9E73263C186F0085C3FE /* macOS */ = {
			isa = PBXGroup;
			children = (
				545C9E74263C186F0085C3FE /* Info.plist */,
				545C9E75263C186F0085C3FE /* macOS.entitlements */,
			);
			path = macOS;
			sourceTree = "<group>";
		};
/* End PBXGroup section */

/* Begin PBXNativeTarget section */
		545C9E69263C186F0085C3FE /* Courses (iOS) */ = {
			isa = PBXNativeTarget;
			buildConfigurationList = 545C9E7E263C186F0085C3FE /* Build configuration list for PBXNativeTarget "Courses (iOS)" */;
			buildPhases = (
				545C9E66263C186F0085C3FE /* Sources */,
				545C9E67263C186F0085C3FE /* Frameworks */,
				545C9E68263C186F0085C3FE /* Resources */,
			);
			buildRules = (
			);
			dependencies = (
			);
			name = "Courses (iOS)";
			productName = "Courses (iOS)";
			productReference = 545C9E6A263C186F0085C3FE /* Courses.app */;
			productType = "com.apple.product-type.application";
		};
		545C9E71263C186F0085C3FE /* Courses (macOS) */ = {
			isa = PBXNativeTarget;
			buildConfigurationList = 545C9E81263C186F0085C3FE /* Build configuration list for PBXNativeTarget "Courses (macOS)" */;
			buildPhases = (
				545C9E6E263C186F0085C3FE /* Sources */,
				545C9E6F263C186F0085C3FE /* Frameworks */,
				545C9E70263C186F0085C3FE /* Resources */,
			);
			buildRules = (
			);
			dependencies = (
			);
			name = "Courses (macOS)";
			productName = "Courses (macOS)";
			productReference = 545C9E72263C186F0085C3FE /* Courses.app */;
			productType = "com.apple.product-type.application";
		};
/* End PBXNativeTarget section */

/* Begin PBXProject section */
		545C9E5E263C186C0085C3FE /* Project object */ = {
			isa = PBXProject;
			attributes = {
				LastSwiftUpdateCheck = 1250;
				LastUpgradeCheck = 1250;
				TargetAttributes = {
					545C9E69263C186F0085C3FE = {
						CreatedOnToolsVersion = 12.5;
					};
					545C9E71263C186F0085C3FE = {
						CreatedOnToolsVersion = 12.5;
					};
				};
			};
			buildConfigurationList = 545C9E61263C186C0085C3FE /* Build configuration list for PBXProject "Courses" */;
			compatibilityVersion = "Xcode 9.3";
			developmentRegion = en;
			hasScannedForEncodings = 0;
			knownRegions = (
				en,
				Base,
			);
			mainGroup = 545C9E5D263C186C0085C3FE;
			productRefGroup = 545C9E6B263C186F0085C3FE /* Products */;
			projectDirPath = "";
			projectRoot = "";
			targets = (
				545C9E69263C186F0085C3FE /* Courses (iOS) */,
				545C9E71263C186F0085C3FE /* Courses (macOS) */,
			);
		};
/* End PBXProject section */

/* Begin PBXResourcesBuildPhase section */
		545C9E68263C186F0085C3FE /* Resources */ = {
			isa = PBXResourcesBuildPhase;
			buildActionMask = 2147483647;
			files = (
				545C9E7A263C186F0085C3FE /* Assets.xcassets in Resources */,
			);
			runOnlyForDeploymentPostprocessing = 0;
		};
		545C9E70263C186F0085C3FE /* Resources */ = {
			isa = PBXResourcesBuildPhase;
			buildActionMask = 2147483647;
			files = (
				545C9E7B263C186F0085C3FE /* Assets.xcassets in Resources */,
			);
			runOnlyForDeploymentPostprocessing = 0;
		};
/* End PBXResourcesBuildPhase section */

/* Begin PBXSourcesBuildPhase section */
		545C9E66263C186F0085C3FE /* Sources */ = {
			isa = PBXSourcesBuildPhase;
			buildActionMask = 2147483647;
			files = (
				545C9E8B263C248F0085C3FE /* Sidebar.swift in Sources */,
				5437FB5F263C348200445EC5 /* CourseItem.swift in Sources */,
				545C9E78263C186F0085C3FE /* ContentView.swift in Sources */,
				545C9E85263C1FD10085C3FE /* CourseRow.swift in Sources */,
				545C9E76263C186F0085C3FE /* CoursesApp.swift in Sources */,
				545C9E88263C23400085C3FE /* CoursesView.swift in Sources */,
				5437FB64263C35F600445EC5 /* CourseList.swift in Sources */,
			);
			runOnlyForDeploymentPostprocessing = 0;
		};
		545C9E6E263C186F0085C3FE /* Sources */ = {
			isa = PBXSourcesBuildPhase;
			buildActionMask = 2147483647;
			files = (
				545C9E8C263C248F0085C3FE /* Sidebar.swift in Sources */,
				5437FB60263C348200445EC5 /* CourseItem.swift in Sources */,
				545C9E79263C186F0085C3FE /* ContentView.swift in Sources */,
				545C9E86263C1FD10085C3FE /* CourseRow.swift in Sources */,
				545C9E77263C186F0085C3FE /* CoursesApp.swift in Sources */,
				545C9E89263C23400085C3FE /* CoursesView.swift in Sources */,
				5437FB65263C35F600445EC5 /* CourseList.swift in Sources */,
			);
			runOnlyForDeploymentPostprocessing = 0;
		};
/* End PBXSourcesBuildPhase section */

/* Begin XCBuildConfiguration section */
		545C9E7C263C186F0085C3FE /* Debug */ = {
			isa = XCBuildConfiguration;
			buildSettings = {
				ALWAYS_SEARCH_USER_PATHS = NO;
				CLANG_ANALYZER_NONNULL = YES;
				CLANG_ANALYZER_NUMBER_OBJECT_CONVERSION = YES_AGGRESSIVE;
				CLANG_CXX_LANGUAGE_STANDARD = "gnu++14";
				CLANG_CXX_LIBRARY = "libc++";
				CLANG_ENABLE_MODULES = YES;
				CLANG_ENABLE_OBJC_ARC = YES;
				CLANG_ENABLE_OBJC_WEAK = YES;
				CLANG_WARN_BLOCK_CAPTURE_AUTORELEASING = YES;
				CLANG_WARN_BOOL_CONVERSION = YES;
				CLANG_WARN_COMMA = YES;
				CLANG_WARN_CONSTANT_CONVERSION = YES;
				CLANG_WARN_DEPRECATED_OBJC_IMPLEMENTATIONS = YES;
				CLANG_WARN_DIRECT_OBJC_ISA_USAGE = YES_ERROR;
				CLANG_WARN_DOCUMENTATION_COMMENTS = YES;
				CLANG_WARN_EMPTY_BODY = YES;
				CLANG_WARN_ENUM_CONVERSION = YES;
				CLANG_WARN_INFINITE_RECURSION = YES;
				CLANG_WARN_INT_CONVERSION = YES;
				CLANG_WARN_NON_LITERAL_NULL_CONVERSION = YES;
				CLANG_WARN_OBJC_IMPLICIT_RETAIN_SELF = YES;
				CLANG_WARN_OBJC_LITERAL_CONVERSION = YES;
				CLANG_WARN_OBJC_ROOT_CLASS = YES_ERROR;
				CLANG_WARN_QUOTED_INCLUDE_IN_FRAMEWORK_HEADER = YES;
				CLANG_WARN_RANGE_LOOP_ANALYSIS = YES;
				CLANG_WARN_STRICT_PROTOTYPES = YES;
				CLANG_WARN_SUSPICIOUS_MOVE = YES;
				CLANG_WARN_UNGUARDED_AVAILABILITY = YES_AGGRESSIVE;
				CLANG_WARN_UNREACHABLE_CODE = YES;
				CLANG_WARN__DUPLICATE_METHOD_MATCH = YES;
				COPY_PHASE_STRIP = NO;
				DEBUG_INFORMATION_FORMAT = dwarf;
				ENABLE_STRICT_OBJC_MSGSEND = YES;
				ENABLE_TESTABILITY = YES;
				GCC_C_LANGUAGE_STANDARD = gnu11;
				GCC_DYNAMIC_NO_PIC = NO;
				GCC_NO_COMMON_BLOCKS = YES;
				GCC_OPTIMIZATION_LEVEL = 0;
				GCC_PREPROCESSOR_DEFINITIONS = (
					"DEBUG=1",
					"$(inherited)",
				);
				GCC_WARN_64_TO_32_BIT_CONVERSION = YES;
				GCC_WARN_ABOUT_RETURN_TYPE = YES_ERROR;
				GCC_WARN_UNDECLARED_SELECTOR = YES;
				GCC_WARN_UNINITIALIZED_AUTOS = YES_AGGRESSIVE;
				GCC_WARN_UNUSED_FUNCTION = YES;
				GCC_WARN_UNUSED_VARIABLE = YES;
				MTL_ENABLE_DEBUG_INFO = INCLUDE_SOURCE;
				MTL_FAST_MATH = YES;
				ONLY_ACTIVE_ARCH = YES;
				SWIFT_ACTIVE_COMPILATION_CONDITIONS = DEBUG;
				SWIFT_OPTIMIZATION_LEVEL = "-Onone";
			};
			name = Debug;
		};
		545C9E7D263C186F0085C3FE /* Release */ = {
			isa = XCBuildConfiguration;
			buildSettings = {
				ALWAYS_SEARCH_USER_PATHS = NO;
				CLANG_ANALYZER_NONNULL = YES;
				CLANG_ANALYZER_NUMBER_OBJECT_CONVERSION = YES_AGGRESSIVE;
				CLANG_CXX_LANGUAGE_STANDARD = "gnu++14";
				CLANG_CXX_LIBRARY = "libc++";
				CLANG_ENABLE_MODULES = YES;
				CLANG_ENABLE_OBJC_ARC = YES;
				CLANG_ENABLE_OBJC_WEAK = YES;
				CLANG_WARN_BLOCK_CAPTURE_AUTORELEASING = YES;
				CLANG_WARN_BOOL_CONVERSION = YES;
				CLANG_WARN_COMMA = YES;
				CLANG_WARN_CONSTANT_CONVERSION = YES;
				CLANG_WARN_DEPRECATED_OBJC_IMPLEMENTATIONS = YES;
				CLANG_WARN_DIRECT_OBJC_ISA_USAGE = YES_ERROR;
				CLANG_WARN_DOCUMENTATION_COMMENTS = YES;
				CLANG_WARN_EMPTY_BODY = YES;
				CLANG_WARN_ENUM_CONVERSION = YES;
				CLANG_WARN_INFINITE_RECURSION = YES;
				CLANG_WARN_INT_CONVERSION = YES;
				CLANG_WARN_NON_LITERAL_NULL_CONVERSION = YES;
				CLANG_WARN_OBJC_IMPLICIT_RETAIN_SELF = YES;
				CLANG_WARN_OBJC_LITERAL_CONVERSION = YES;
				CLANG_WARN_OBJC_ROOT_CLASS = YES_ERROR;
				CLANG_WARN_QUOTED_INCLUDE_IN_FRAMEWORK_HEADER = YES;
				CLANG_WARN_RANGE_LOOP_ANALYSIS = YES;
				CLANG_WARN_STRICT_PROTOTYPES = YES;
				CLANG_WARN_SUSPICIOUS_MOVE = YES;
				CLANG_WARN_UNGUARDED_AVAILABILITY = YES_AGGRESSIVE;
				CLANG_WARN_UNREACHABLE_CODE = YES;
				CLANG_WARN__DUPLICATE_METHOD_MATCH = YES;
				COPY_PHASE_STRIP = NO;
				DEBUG_INFORMATION_FORMAT = "dwarf-with-dsym";
				ENABLE_NS_ASSERTIONS = NO;
				ENABLE_STRICT_OBJC_MSGSEND = YES;
				GCC_C_LANGUAGE_STANDARD = gnu11;
				GCC_NO_COMMON_BLOCKS = YES;
				GCC_WARN_64_TO_32_BIT_CONVERSION = YES;
				GCC_WARN_ABOUT_RETURN_TYPE = YES_ERROR;
				GCC_WARN_UNDECLARED_SELECTOR = YES;
				GCC_WARN_UNINITIALIZED_AUTOS = YES_AGGRESSIVE;
				GCC_WARN_UNUSED_FUNCTION = YES;
				GCC_WARN_UNUSED_VARIABLE = YES;
				MTL_ENABLE_DEBUG_INFO = NO;
				MTL_FAST_MATH = YES;
				SWIFT_COMPILATION_MODE = wholemodule;
				SWIFT_OPTIMIZATION_LEVEL = "-O";
			};
			name = Release;
		};
		545C9E7F263C186F0085C3FE /* Debug */ = {
			isa = XCBuildConfiguration;
			buildSettings = {
				ASSETCATALOG_COMPILER_APPICON_NAME = AppIcon;
				ASSETCATALOG_COMPILER_GLOBAL_ACCENT_COLOR_NAME = AccentColor;
				CODE_SIGN_STYLE = Automatic;
				DEVELOPMENT_TEAM = WTTJUAT5Q9;
				ENABLE_PREVIEWS = YES;
				INFOPLIST_FILE = iOS/Info.plist;
				IPHONEOS_DEPLOYMENT_TARGET = 14.0;
				LD_RUNPATH_SEARCH_PATHS = (
					"$(inherited)",
					"@executable_path/Frameworks",
				);
				PRODUCT_BUNDLE_IDENTIFIER = academy.swiftui.Courses;
				PRODUCT_NAME = Courses;
				SDKROOT = iphoneos;
				SWIFT_VERSION = 5.0;
				TARGETED_DEVICE_FAMILY = "1,2";
			};
			name = Debug;
		};
		545C9E80263C186F0085C3FE /* Release */ = {
			isa = XCBuildConfiguration;
			buildSettings = {
				ASSETCATALOG_COMPILER_APPICON_NAME = AppIcon;
				ASSETCATALOG_COMPILER_GLOBAL_ACCENT_COLOR_NAME = AccentColor;
				CODE_SIGN_STYLE = Automatic;
				DEVELOPMENT_TEAM = WTTJUAT5Q9;
				ENABLE_PREVIEWS = YES;
				INFOPLIST_FILE = iOS/Info.plist;
				IPHONEOS_DEPLOYMENT_TARGET = 14.0;
				LD_RUNPATH_SEARCH_PATHS = (
					"$(inherited)",
					"@executable_path/Frameworks",
				);
				PRODUCT_BUNDLE_IDENTIFIER = academy.swiftui.Courses;
				PRODUCT_NAME = Courses;
				SDKROOT = iphoneos;
				SWIFT_VERSION = 5.0;
				TARGETED_DEVICE_FAMILY = "1,2";
				VALIDATE_PRODUCT = YES;
			};
			name = Release;
		};
		545C9E82263C186F0085C3FE /* Debug */ = {
			isa = XCBuildConfiguration;
			buildSettings = {
				ASSETCATALOG_COMPILER_APPICON_NAME = AppIcon;
				ASSETCATALOG_COMPILER_GLOBAL_ACCENT_COLOR_NAME = AccentColor;
				CODE_SIGN_ENTITLEMENTS = macOS/macOS.entitlements;
				CODE_SIGN_STYLE = Automatic;
				COMBINE_HIDPI_IMAGES = YES;
				DEVELOPMENT_TEAM = WTTJUAT5Q9;
				ENABLE_HARDENED_RUNTIME = YES;
				ENABLE_PREVIEWS = YES;
				INFOPLIST_FILE = macOS/Info.plist;
				LD_RUNPATH_SEARCH_PATHS = (
					"$(inherited)",
					"@executable_path/../Frameworks",
				);
				MACOSX_DEPLOYMENT_TARGET = 11.0;
				PRODUCT_BUNDLE_IDENTIFIER = academy.swiftui.Courses;
				PRODUCT_NAME = Courses;
				SDKROOT = macosx;
				SWIFT_VERSION = 5.0;
			};
			name = Debug;
		};
		545C9E83263C186F0085C3FE /* Release */ = {
			isa = XCBuildConfiguration;
			buildSettings = {
				ASSETCATALOG_COMPILER_APPICON_NAME = AppIcon;
				ASSETCATALOG_COMPILER_GLOBAL_ACCENT_COLOR_NAME = AccentColor;
				CODE_SIGN_ENTITLEMENTS = macOS/macOS.entitlements;
				CODE_SIGN_STYLE = Automatic;
				COMBINE_HIDPI_IMAGES = YES;
				DEVELOPMENT_TEAM = WTTJUAT5Q9;
				ENABLE_HARDENED_RUNTIME = YES;
				ENABLE_PREVIEWS = YES;
				INFOPLIST_FILE = macOS/Info.plist;
				LD_RUNPATH_SEARCH_PATHS = (
					"$(inherited)",
					"@executable_path/../Frameworks",
				);
				MACOSX_DEPLOYMENT_TARGET = 11.0;
				PRODUCT_BUNDLE_IDENTIFIER = academy.swiftui.Courses;
				PRODUCT_NAME = Courses;
				SDKROOT = macosx;
				SWIFT_VERSION = 5.0;
			};
			name = Release;
		};
/* End XCBuildConfiguration section */

/* Begin XCConfigurationList section */
		545C9E61263C186C0085C3FE /* Build configuration list for PBXProject "Courses" */ = {
			isa = XCConfigurationList;
			buildConfigurations = (
				545C9E7C263C186F0085C3FE /* Debug */,
				545C9E7D263C186F0085C3FE /* Release */,
			);
			defaultConfigurationIsVisible = 0;
			defaultConfigurationName = Release;
		};
		545C9E7E263C186F0085C3FE /* Build configuration list for PBXNativeTarget "Courses (iOS)" */ = {
			isa = XCConfigurationList;
			buildConfigurations = (
				545C9E7F263C186F0085C3FE /* Debug */,
				545C9E80263C186F0085C3FE /* Release */,
			);
			defaultConfigurationIsVisible = 0;
			defaultConfigurationName = Release;
		};
		545C9E81263C186F0085C3FE /* Build configuration list for PBXNativeTarget "Courses (macOS)" */ = {
			isa = XCConfigurationList;
			buildConfigurations = (
				545C9E82263C186F0085C3FE /* Debug */,
				545C9E83263C186F0085C3FE /* Release */,
			);
			defaultConfigurationIsVisible = 0;
			defaultConfigurationName = Release;
		};
/* End XCConfigurationList section */
	};
	rootObject = 545C9E5E263C186C0085C3FE /* Project object */;
}
